
Microsoft Visual Studio Solution File, Format Version 12.00
# Visual Studio Version 16
VisualStudioVersion = 16.0.29411.108
MinimumVisualStudioVersion = 10.0.40219.1
Project("{8BC9CEB8-8B4A-11D0-8D11-00A0C91BC942}") = "Vector", "Vector\Vector.vcxproj", "{1EECCE3D-9647-4255-AA14-169F417322A5}"
EndProject
Global
	GlobalSection(SolutionConfigurationPlatforms) = preSolution
		Debug|x64 = Debug|x64
		Debug|x86 = Debug|x86
		Release|x64 = Release|x64
		Release|x86 = Release|x86
	EndGlobalSection
	GlobalSection(ProjectConfigurationPlatforms) = postSolution
		{1EECCE3D-9647-4255-AA14-169F417322A5}.Debug|x64.ActiveCfg = Debug|x64
		{1EECCE3D-9647-4255-AA14-169F417322A5}.Debug|x64.Build.0 = Debug|x64
		{1EECCE3D-9647-4255-AA14-169F417322A5}.Debug|x86.ActiveCfg = Debug|Win32
		{1EECCE3D-9647-4255-AA14-169F417322A5}.Debug|x86.Build.0 = Debug|Win32
		{1EECCE3D-9647-4255-AA14-169F417322A5}.Release|x64.ActiveCfg = Release|x64
		{1EECCE3D-9647-4255-AA14-169F417322A5}.Release|x64.Build.0 = Release|x64
		{1EECCE3D-9647-4255-AA14-169F417322A5}.Release|x86.ActiveCfg = Release|Win32
		{1EECCE3D-9647-4255-AA14-169F417322A5}.Release|x86.Build.0 = Release|Win32
	EndGlobalSection
	GlobalSection(SolutionProperties) = preSolution
		HideSolutionNode = FALSE
	EndGlobalSection
	GlobalSection(ExtensibilityGlobals) = postSolution
		SolutionGuid = {3BAD58A7-5A94-42C6-A9AF-CEE05B280E69}
	EndGlobalSection
EndGlobal
